<?xml version="1.0" encoding="utf-8"?>
<Project ToolsVersion="4.0" xmlns="http://schemas.microsoft.com/developer/msbuild/2003">
  <ItemGroup>
    <Filter Include="SmrtML">
      <UniqueIdentifier>{C41A70D1-B0BC-9AA7-9977-AEFB85B821F8}</UniqueIdentifier>
    </Filter>
  </ItemGroup>
  <ItemGroup>
    <ClInclude Include="src\SmrtML\Application.h">
      <Filter>SmrtML</Filter>
    </ClInclude>
    <ClInclude Include="src\SmrtML\Core.h">
      <Filter>SmrtML</Filter>
    </ClInclude>
    <ClInclude Include="src\SmrtML\EntryPoint.h">
      <Filter>SmrtML</Filter>
    </ClInclude>
    <ClInclude Include="src\SmrtML\Events.h">
      <Filter>SmrtML</Filter>
    </ClInclude>
    <ClInclude Include="src\SmrtML\Log.h">
      <Filter>SmrtML</Filter>
    </ClInclude>
    <ClInclude Include="src\smrt_ml.h" />
    <ClInclude Include="src\smrtpch.h" />
  </ItemGroup>
  <ItemGroup>
    <ClCompile Include="src\SmrtML\Application.cpp">
      <Filter>SmrtML</Filter>
    </ClCompile>
    <ClCompile Include="src\SmrtML\Events.cpp">
      <Filter>SmrtML</Filter>
    </ClCompile>
    <ClCompile Include="src\SmrtML\Log.cpp">
      <Filter>SmrtML</Filter>
    </ClCompile>
    <ClCompile Include="src\smrtpch.cpp" />
  </ItemGroup>
</Project>